{
  "requires": true,
  "lockfileVersion": 1,
  "dependencies": {
    "monaco-editor": {
      "version": "0.15.0",
      "resolved": "https://registry.npmjs.org/monaco-editor/-/monaco-editor-0.15.0.tgz",
      "integrity": "sha512-qg1zP5vpzTe2HZ9kW3DSnUhg01L9uxOVG1IKtyt56orlxrMou1s1XsD7pqiGAsZMCWEKbysl0i2626a/K0Kk1g=="
    }
  }
}
